
Microsoft Visual Studio Solution File, Format Version 12.00
# Visual Studio 15
VisualStudioVersion = 15.0.27703.2042
MinimumVisualStudioVersion = 10.0.40219.1
Project("{FAE04EC0-301F-11D3-BF4B-00C04F79EFBC}") = "TrackLauncher", "TrackLauncher\TrackLauncher.csproj", "{AB7F168F-D4CC-49DA-853B-1184F2530AD7}"
EndProject
Global
	GlobalSection(SolutionConfigurationPlatforms) = preSolution
		Debug|Any CPU = Debug|Any CPU
		Release|Any CPU = Release|Any CPU
	EndGlobalSection
	GlobalSection(ProjectConfigurationPlatforms) = postSolution
		{AB7F168F-D4CC-49DA-853B-1184F2530AD7}.Debug|Any CPU.ActiveCfg = Debug|Any CPU
		{AB7F168F-D4CC-49DA-853B-1184F2530AD7}.Debug|Any CPU.Build.0 = Debug|Any CPU
		{AB7F168F-D4CC-49DA-853B-1184F2530AD7}.Release|Any CPU.ActiveCfg = Release|Any CPU
		{AB7F168F-D4CC-49DA-853B-1184F2530AD7}.Release|Any CPU.Build.0 = Release|Any CPU
	EndGlobalSection
	GlobalSection(SolutionProperties) = preSolution
		HideSolutionNode = FALSE
	EndGlobalSection
	GlobalSection(ExtensibilityGlobals) = postSolution
		SolutionGuid = {B0FC185B-6CD4-4ED0-BAA4-3D652F4B57A8}
	EndGlobalSection
EndGlobal
